
Microsoft Visual Studio Solution File, Format Version 12.00
# Visual Studio Version 17
VisualStudioVersion = 17.11.35208.52
MinimumVisualStudioVersion = 10.0.40219.1
Project("{FAE04EC0-301F-11D3-BF4B-00C04F79EFBC}") = "Umrah", "Umrah.csproj", "{DECA3429-952D-4931-9AF7-AE9848AE51A1}"
EndProject
Project("{FAE04EC0-301F-11D3-BF4B-00C04F79EFBC}") = "Umrah.Core", "..\Umrah.Core\Umrah.Core.csproj", "{74B48D25-3FCC-43A3-8829-3E20D5CE3158}"
EndProject
Project("{FAE04EC0-301F-11D3-BF4B-00C04F79EFBC}") = "Umrah.Data", "..\Umrah.Data\Umrah.Data.csproj", "{3B15AF43-88F3-404C-835B-369D2E9531E9}"
EndProject
Global
	GlobalSection(SolutionConfigurationPlatforms) = preSolution
		Debug|Any CPU = Debug|Any CPU
		Release|Any CPU = Release|Any CPU
	EndGlobalSection
	GlobalSection(ProjectConfigurationPlatforms) = postSolution
		{DECA3429-952D-4931-9AF7-AE9848AE51A1}.Debug|Any CPU.ActiveCfg = Debug|Any CPU
		{DECA3429-952D-4931-9AF7-AE9848AE51A1}.Debug|Any CPU.Build.0 = Debug|Any CPU
		{DECA3429-952D-4931-9AF7-AE9848AE51A1}.Release|Any CPU.ActiveCfg = Release|Any CPU
		{DECA3429-952D-4931-9AF7-AE9848AE51A1}.Release|Any CPU.Build.0 = Release|Any CPU
		{74B48D25-3FCC-43A3-8829-3E20D5CE3158}.Debug|Any CPU.ActiveCfg = Debug|Any CPU
		{74B48D25-3FCC-43A3-8829-3E20D5CE3158}.Debug|Any CPU.Build.0 = Debug|Any CPU
		{74B48D25-3FCC-43A3-8829-3E20D5CE3158}.Release|Any CPU.ActiveCfg = Release|Any CPU
		{74B48D25-3FCC-43A3-8829-3E20D5CE3158}.Release|Any CPU.Build.0 = Release|Any CPU
		{3B15AF43-88F3-404C-835B-369D2E9531E9}.Debug|Any CPU.ActiveCfg = Debug|Any CPU
		{3B15AF43-88F3-404C-835B-369D2E9531E9}.Debug|Any CPU.Build.0 = Debug|Any CPU
		{3B15AF43-88F3-404C-835B-369D2E9531E9}.Release|Any CPU.ActiveCfg = Release|Any CPU
		{3B15AF43-88F3-404C-835B-369D2E9531E9}.Release|Any CPU.Build.0 = Release|Any CPU
	EndGlobalSection
	GlobalSection(SolutionProperties) = preSolution
		HideSolutionNode = FALSE
	EndGlobalSection
	GlobalSection(ExtensibilityGlobals) = postSolution
		SolutionGuid = {04E5CE99-E0BA-4146-8316-EB6CE84D7A9A}
	EndGlobalSection
EndGlobal
